// !$*UTF8*$!
{
	archiveVersion = 1;
	classes = {
	};
	objectVersion = 46;
	objects = {

/* Begin PBXBuildFile section */
		7F1BBEF4159177A0000741FA /* UIKit.framework in Frameworks */ = {isa = PBXBuildFile; fileRef = 7F1BBEF3159177A0000741FA /* UIKit.framework */; };
		7F1BBEF6159177A0000741FA /* Foundation.framework in Frameworks */ = {isa = PBXBuildFile; fileRef = 7F1BBEF5159177A0000741FA /* Foundation.framework */; };
		7F1BBEF8159177A0000741FA /* CoreGraphics.framework in Frameworks */ = {isa = PBXBuildFile; fileRef = 7F1BBEF7159177A0000741FA /* CoreGraphics.framework */; };
		7F1BBF00159177A0000741FA /* main.m in Sources */ = {isa = PBXBuildFile; fileRef = 7F1BBEFF159177A0000741FA /* main.m */; };
		7F1BBF151591785F000741FA /* CoreBluetooth.framework in Frameworks */ = {isa = PBXBuildFile; fileRef = 7F1BBF141591785F000741FA /* CoreBluetooth.framework */; };
		C538ABBC1DE3F2AD00DD0B65 /* Logo.png in Resources */ = {isa = PBXBuildFile; fileRef = C538ABBB1DE3F2AD00DD0B65 /* Logo.png */; };
		C538ABBE1DE4260700DD0B65 /* PaddedLabel.swift in Sources */ = {isa = PBXBuildFile; fileRef = C538ABBD1DE4260600DD0B65 /* PaddedLabel.swift */; };
		C552FF951DE3D737002F552E /* Launch Screen.storyboard in Resources */ = {isa = PBXBuildFile; fileRef = C552FF941DE3D737002F552E /* Launch Screen.storyboard */; };
		C552FF991DE3D757002F552E /* TopView.jpeg in Resources */ = {isa = PBXBuildFile; fileRef = C552FF961DE3D757002F552E /* TopView.jpeg */; };
		C552FF9A1DE3D757002F552E /* AngleView.jpeg in Resources */ = {isa = PBXBuildFile; fileRef = C552FF971DE3D757002F552E /* AngleView.jpeg */; };
		C552FF9B1DE3D757002F552E /* HeldView.jpeg in Resources */ = {isa = PBXBuildFile; fileRef = C552FF981DE3D757002F552E /* HeldView.jpeg */; };
		C552FF9D1DE3DA81002F552E /* Storyboard.storyboard in Resources */ = {isa = PBXBuildFile; fileRef = C552FF9C1DE3DA81002F552E /* Storyboard.storyboard */; };
		C552FFA01DE3DF50002F552E /* VoltageInputDisplayView.swift in Sources */ = {isa = PBXBuildFile; fileRef = C552FF9F1DE3DF50002F552E /* VoltageInputDisplayView.swift */; };
		C552FFA21DE3DFCF002F552E /* VoltageFormatter.swift in Sources */ = {isa = PBXBuildFile; fileRef = C552FFA11DE3DFCF002F552E /* VoltageFormatter.swift */; };
		C552FFA41DE3E680002F552E /* HydraViewController.swift in Sources */ = {isa = PBXBuildFile; fileRef = C552FFA31DE3E680002F552E /* HydraViewController.swift */; };
		C57B79D71BF79B77004DAB9B /* HydraPacket.m in Sources */ = {isa = PBXBuildFile; fileRef = C57B79D61BF79B77004DAB9B /* HydraPacket.m */; };
		C58137A21BF5437C001238F8 /* CBPeripheral+iGateHelpers.m in Sources */ = {isa = PBXBuildFile; fileRef = C581379E1BF500B5001238F8 /* CBPeripheral+iGateHelpers.m */; };
		C5A2E32D1DE4321600F3D069 /* HydraComm.swift in Sources */ = {isa = PBXBuildFile; fileRef = C5A2E32C1DE4321600F3D069 /* HydraComm.swift */; };
		C5A2E32F1DE631E900F3D069 /* HydraState.swift in Sources */ = {isa = PBXBuildFile; fileRef = C5A2E32E1DE631E900F3D069 /* HydraState.swift */; };
		C5A2E3311DE649BD00F3D069 /* VoltageOutputDisplayView.swift in Sources */ = {isa = PBXBuildFile; fileRef = C5A2E3301DE649BD00F3D069 /* VoltageOutputDisplayView.swift */; };
		C5A2E3331DE64BC000F3D069 /* StringExtensions.swift in Sources */ = {isa = PBXBuildFile; fileRef = C5A2E3321DE64BC000F3D069 /* StringExtensions.swift */; };
		C5A2E3351DE64CD700F3D069 /* CurrentFormatter.swift in Sources */ = {isa = PBXBuildFile; fileRef = C5A2E3341DE64CD700F3D069 /* CurrentFormatter.swift */; };
		C5A2E3371DEB9D7D00F3D069 /* HydraStateOverlay.swift in Sources */ = {isa = PBXBuildFile; fileRef = C5A2E3361DEB9D7D00F3D069 /* HydraStateOverlay.swift */; };
		C5A2E3391DEBA64E00F3D069 /* HydraStatusOverlayView.xib in Resources */ = {isa = PBXBuildFile; fileRef = C5A2E3381DEBA64E00F3D069 /* HydraStatusOverlayView.xib */; };
		C5A2E33B1DEBA6BB00F3D069 /* HydraStatusOverlayView.swift in Sources */ = {isa = PBXBuildFile; fileRef = C5A2E33A1DEBA6BB00F3D069 /* HydraStatusOverlayView.swift */; };
		C5A2E33D1DEBBEF800F3D069 /* AngleViewTrans.png in Resources */ = {isa = PBXBuildFile; fileRef = C5A2E33C1DEBBEF800F3D069 /* AngleViewTrans.png */; };
		C5D4BB951E10F50D005E0FC5 /* iGatePeripheralDelegate.swift in Sources */ = {isa = PBXBuildFile; fileRef = C5D4BB941E10F50D005E0FC5 /* iGatePeripheralDelegate.swift */; };
		C5E71AB51DED470900180AAC /* IATBluetooth.framework in Frameworks */ = {isa = PBXBuildFile; fileRef = C563B9041DECFBCE00AE51D6 /* IATBluetooth.framework */; };
		C5E71ABC1DEE0B4B00180AAC /* iGate.swift in Sources */ = {isa = PBXBuildFile; fileRef = C5E71ABB1DEE0B4B00180AAC /* iGate.swift */; };
		C5FE4C531DF8F2F1008FCFBC /* IATBluetooth.framework in Embed Frameworks */ = {isa = PBXBuildFile; fileRef = C563B9041DECFBCE00AE51D6 /* IATBluetooth.framework */; settings = {ATTRIBUTES = (CodeSignOnCopy, RemoveHeadersOnCopy, ); }; };
		C5FE4C8E1DFB3E73008FCFBC /* IATFoundationUtilities.framework in Frameworks */ = {isa = PBXBuildFile; fileRef = C5FE4C851DFB3E16008FCFBC /* IATFoundationUtilities.framework */; };
		C5FE4C8F1DFB3E73008FCFBC /* IATFoundationUtilities.framework in Embed Frameworks */ = {isa = PBXBuildFile; fileRef = C5FE4C851DFB3E16008FCFBC /* IATFoundationUtilities.framework */; settings = {ATTRIBUTES = (CodeSignOnCopy, RemoveHeadersOnCopy, ); }; };
		CE7F530F177B96C300678246 /* LCDyellow.png in Resources */ = {isa = PBXBuildFile; fileRef = CE7F530E177B96C300678246 /* LCDyellow.png */; };
		CE897588172205C100870825 /* hydra_logo.png in Resources */ = {isa = PBXBuildFile; fileRef = CE897587172205C100870825 /* hydra_logo.png */; };
		CE8D3651171E07FE00BD64DD /* Default-568h@2x.png in Resources */ = {isa = PBXBuildFile; fileRef = CE8D3650171E07FE00BD64DD /* Default-568h@2x.png */; };
		CE8D3654171E144800BD64DD /* Utilities.m in Sources */ = {isa = PBXBuildFile; fileRef = CE8D3653171E144700BD64DD /* Utilities.m */; };
		CE8D3657171E314500BD64DD /* MessageUI.framework in Frameworks */ = {isa = PBXBuildFile; fileRef = CE8D3655171E310700BD64DD /* MessageUI.framework */; };
		CE8FA137173AA9D000189C70 /* diagnostics.png in Resources */ = {isa = PBXBuildFile; fileRef = CE8FA136173AA9D000189C70 /* diagnostics.png */; };
		CE8FA139173AA9F900189C70 /* commands_icon.png in Resources */ = {isa = PBXBuildFile; fileRef = CE8FA138173AA9F900189C70 /* commands_icon.png */; };
		CE8FA13D173AAF2400189C70 /* graph.png in Resources */ = {isa = PBXBuildFile; fileRef = CE8FA13C173AAF2400189C70 /* graph.png */; };
		CE8FA13F173AB48E00189C70 /* batteryicon.png in Resources */ = {isa = PBXBuildFile; fileRef = CE8FA13E173AB48E00189C70 /* batteryicon.png */; };
		CE8FA144173AC4C100189C70 /* seperator_line.png in Resources */ = {isa = PBXBuildFile; fileRef = CE8FA143173AC4C100189C70 /* seperator_line.png */; };
		CE95746717988A5D00C374A1 /* hydraTODO.rtf in Resources */ = {isa = PBXBuildFile; fileRef = CE95746617988A5C00C374A1 /* hydraTODO.rtf */; };
		CEA2C9E716FB9E7700AA2663 /* InfoPlist.strings in Resources */ = {isa = PBXBuildFile; fileRef = CEA2C9E616FB9E7700AA2663 /* InfoPlist.strings */; };
		CEB9DBE3171641A7006DBD4B /* controlKnobFrameII.png in Resources */ = {isa = PBXBuildFile; fileRef = CEB9DBCC171641A6006DBD4B /* controlKnobFrameII.png */; };
		CEB9DBE5171641A7006DBD4B /* LCDblue.png in Resources */ = {isa = PBXBuildFile; fileRef = CEB9DBCE171641A6006DBD4B /* LCDblue.png */; };
		CEB9DBE6171641A7006DBD4B /* redLedOff.png in Resources */ = {isa = PBXBuildFile; fileRef = CEB9DBCF171641A6006DBD4B /* redLedOff.png */; };
		CEB9DBE7171641A7006DBD4B /* redLedOn.png in Resources */ = {isa = PBXBuildFile; fileRef = CEB9DBD0171641A6006DBD4B /* redLedOn.png */; };
		CEB9DBE8171641A7006DBD4B /* controlKnobII.png in Resources */ = {isa = PBXBuildFile; fileRef = CEB9DBD1171641A6006DBD4B /* controlKnobII.png */; };
		CEB9DBE9171641A7006DBD4B /* home.png in Resources */ = {isa = PBXBuildFile; fileRef = CEB9DBD2171641A6006DBD4B /* home.png */; };
		CEB9DBEB171641A7006DBD4B /* settings.png in Resources */ = {isa = PBXBuildFile; fileRef = CEB9DBD4171641A6006DBD4B /* settings.png */; };
		CEB9DBEC171641A7006DBD4B /* SimpleDarkGradient.png in Resources */ = {isa = PBXBuildFile; fileRef = CEB9DBD5171641A6006DBD4B /* SimpleDarkGradient.png */; };
		CEB9DBED171641A7006DBD4B /* AppDelegate.m in Sources */ = {isa = PBXBuildFile; fileRef = CEB9DBD7171641A6006DBD4B /* AppDelegate.m */; };
		CEB9DBF4171641A7006DBD4B /* steel_gradient.jpg in Resources */ = {isa = PBXBuildFile; fileRef = CEB9DBDE171641A7006DBD4B /* steel_gradient.jpg */; };
		CEB9DC001716453A006DBD4B /* Channel.m in Sources */ = {isa = PBXBuildFile; fileRef = CEB9DBFD1716453A006DBD4B /* Channel.m */; };
		CEB9DC0217170F51006DBD4B /* blackBtn.png in Resources */ = {isa = PBXBuildFile; fileRef = CEB9DC0117170F50006DBD4B /* blackBtn.png */; };
		CEB9DC0A17171834006DBD4B /* blackBtnSmall.png in Resources */ = {isa = PBXBuildFile; fileRef = CEB9DC0917171834006DBD4B /* blackBtnSmall.png */; };
		CEB9DC0C1717221E006DBD4B /* controlCanvas.png in Resources */ = {isa = PBXBuildFile; fileRef = CEB9DC0B1717221E006DBD4B /* controlCanvas.png */; };
		CEB9DC0E171734EF006DBD4B /* lightBtn.png in Resources */ = {isa = PBXBuildFile; fileRef = CEB9DC0D171734EF006DBD4B /* lightBtn.png */; };
/* End PBXBuildFile section */

/* Begin PBXContainerItemProxy section */
		C563B9031DECFBCE00AE51D6 /* PBXContainerItemProxy */ = {
			isa = PBXContainerItemProxy;
			containerPortal = C563B8FE1DECFBCD00AE51D6 /* IATBluetooth.xcodeproj */;
			proxyType = 2;
			remoteGlobalIDString = C563B8E41DECFBCD00AE51D6;
			remoteInfo = IATBluetooth;
		};
		C563B9051DECFBCE00AE51D6 /* PBXContainerItemProxy */ = {
			isa = PBXContainerItemProxy;
			containerPortal = C563B8FE1DECFBCD00AE51D6 /* IATBluetooth.xcodeproj */;
			proxyType = 2;
			remoteGlobalIDString = C563B8ED1DECFBCD00AE51D6;
			remoteInfo = IATBluetoothTests;
		};
		C5E71AB61DEE0A8E00180AAC /* PBXContainerItemProxy */ = {
			isa = PBXContainerItemProxy;
			containerPortal = C563B8FE1DECFBCD00AE51D6 /* IATBluetooth.xcodeproj */;
			proxyType = 1;
			remoteGlobalIDString = C563B8E31DECFBCD00AE51D6;
			remoteInfo = IATBluetooth;
		};
		C5FE4C541DF8F2F1008FCFBC /* PBXContainerItemProxy */ = {
			isa = PBXContainerItemProxy;
			containerPortal = C563B8FE1DECFBCD00AE51D6 /* IATBluetooth.xcodeproj */;
			proxyType = 1;
			remoteGlobalIDString = C563B8E31DECFBCD00AE51D6;
			remoteInfo = IATBluetooth;
		};
		C5FE4C841DFB3E16008FCFBC /* PBXContainerItemProxy */ = {
			isa = PBXContainerItemProxy;
			containerPortal = C5FE4C7F1DFB3E15008FCFBC /* IATFoundationUtilities.xcodeproj */;
			proxyType = 2;
			remoteGlobalIDString = C5FE4C651DFB3E15008FCFBC;
			remoteInfo = IATFoundationUtilities;
		};
		C5FE4C861DFB3E16008FCFBC /* PBXContainerItemProxy */ = {
			isa = PBXContainerItemProxy;
			containerPortal = C5FE4C7F1DFB3E15008FCFBC /* IATFoundationUtilities.xcodeproj */;
			proxyType = 2;
			remoteGlobalIDString = C5FE4C6E1DFB3E15008FCFBC;
			remoteInfo = IATFoundationUtilitiesTests;
		};
		C5FE4C901DFB3E73008FCFBC /* PBXContainerItemProxy */ = {
			isa = PBXContainerItemProxy;
			containerPortal = C5FE4C7F1DFB3E15008FCFBC /* IATFoundationUtilities.xcodeproj */;
			proxyType = 1;
			remoteGlobalIDString = C5FE4C641DFB3E15008FCFBC;
			remoteInfo = IATFoundationUtilities;
		};
/* End PBXContainerItemProxy section */

/* Begin PBXCopyFilesBuildPhase section */
		C5FE4C561DF8F2F1008FCFBC /* Embed Frameworks */ = {
			isa = PBXCopyFilesBuildPhase;
			buildActionMask = 2147483647;
			dstPath = "";
			dstSubfolderSpec = 10;
			files = (
				C5FE4C8F1DFB3E73008FCFBC /* IATFoundationUtilities.framework in Embed Frameworks */,
				C5FE4C531DF8F2F1008FCFBC /* IATBluetooth.framework in Embed Frameworks */,
			);
			name = "Embed Frameworks";
			runOnlyForDeploymentPostprocessing = 0;
		};
/* End PBXCopyFilesBuildPhase section */

/* Begin PBXFileReference section */
		7F1BBEEF159177A0000741FA /* Hydra.app */ = {isa = PBXFileReference; explicitFileType = wrapper.application; includeInIndex = 0; path = Hydra.app; sourceTree = BUILT_PRODUCTS_DIR; };
		7F1BBEF3159177A0000741FA /* UIKit.framework */ = {isa = PBXFileReference; lastKnownFileType = wrapper.framework; name = UIKit.framework; path = System/Library/Frameworks/UIKit.framework; sourceTree = SDKROOT; };
		7F1BBEF5159177A0000741FA /* Foundation.framework */ = {isa = PBXFileReference; lastKnownFileType = wrapper.framework; name = Foundation.framework; path = System/Library/Frameworks/Foundation.framework; sourceTree = SDKROOT; };
		7F1BBEF7159177A0000741FA /* CoreGraphics.framework */ = {isa = PBXFileReference; lastKnownFileType = wrapper.framework; name = CoreGraphics.framework; path = System/Library/Frameworks/CoreGraphics.framework; sourceTree = SDKROOT; };
		7F1BBEFB159177A0000741FA /* Hydra-Info.plist */ = {isa = PBXFileReference; lastKnownFileType = text.plist.xml; path = "Hydra-Info.plist"; sourceTree = "<group>"; };
		7F1BBEFF159177A0000741FA /* main.m */ = {isa = PBXFileReference; lastKnownFileType = sourcecode.c.objc; path = main.m; sourceTree = "<group>"; };
		7F1BBF01159177A0000741FA /* Hydra-Prefix.pch */ = {isa = PBXFileReference; lastKnownFileType = sourcecode.c.h; path = "Hydra-Prefix.pch"; sourceTree = "<group>"; };
		7F1BBF141591785F000741FA /* CoreBluetooth.framework */ = {isa = PBXFileReference; lastKnownFileType = wrapper.framework; name = CoreBluetooth.framework; path = System/Library/Frameworks/CoreBluetooth.framework; sourceTree = SDKROOT; };
		C51E03AB1C61D06500F23E53 /* README.md */ = {isa = PBXFileReference; lastKnownFileType = net.daringfireball.markdown; name = README.md; path = ../README.md; sourceTree = "<group>"; };
		C538ABBB1DE3F2AD00DD0B65 /* Logo.png */ = {isa = PBXFileReference; lastKnownFileType = image.png; path = Logo.png; sourceTree = "<group>"; };
		C538ABBD1DE4260600DD0B65 /* PaddedLabel.swift */ = {isa = PBXFileReference; fileEncoding = 4; lastKnownFileType = sourcecode.swift; path = PaddedLabel.swift; sourceTree = "<group>"; };
		C54D034F1C153989000DE766 /* CHRHChannelView.h */ = {isa = PBXFileReference; fileEncoding = 4; lastKnownFileType = sourcecode.c.h; path = CHRHChannelView.h; sourceTree = "<group>"; };
		C54D03501C153989000DE766 /* CHRHChannelView.m */ = {isa = PBXFileReference; fileEncoding = 4; lastKnownFileType = sourcecode.c.objc; path = CHRHChannelView.m; sourceTree = "<group>"; };
		C552FF941DE3D737002F552E /* Launch Screen.storyboard */ = {isa = PBXFileReference; fileEncoding = 4; lastKnownFileType = file.storyboard; path = "Launch Screen.storyboard"; sourceTree = "<group>"; };
		C552FF961DE3D757002F552E /* TopView.jpeg */ = {isa = PBXFileReference; lastKnownFileType = image.jpeg; path = TopView.jpeg; sourceTree = "<group>"; };
		C552FF971DE3D757002F552E /* AngleView.jpeg */ = {isa = PBXFileReference; lastKnownFileType = image.jpeg; path = AngleView.jpeg; sourceTree = "<group>"; };
		C552FF981DE3D757002F552E /* HeldView.jpeg */ = {isa = PBXFileReference; lastKnownFileType = image.jpeg; path = HeldView.jpeg; sourceTree = "<group>"; };
		C552FF9C1DE3DA81002F552E /* Storyboard.storyboard */ = {isa = PBXFileReference; fileEncoding = 4; lastKnownFileType = file.storyboard; path = Storyboard.storyboard; sourceTree = "<group>"; };
		C552FF9E1DE3DF50002F552E /* Hydra-Bridging-Header.h */ = {isa = PBXFileReference; lastKnownFileType = sourcecode.c.h; path = "Hydra-Bridging-Header.h"; sourceTree = "<group>"; };
		C552FF9F1DE3DF50002F552E /* VoltageInputDisplayView.swift */ = {isa = PBXFileReference; fileEncoding = 4; lastKnownFileType = sourcecode.swift; path = VoltageInputDisplayView.swift; sourceTree = "<group>"; };
		C552FFA11DE3DFCF002F552E /* VoltageFormatter.swift */ = {isa = PBXFileReference; fileEncoding = 4; lastKnownFileType = sourcecode.swift; path = VoltageFormatter.swift; sourceTree = "<group>"; };
		C552FFA31DE3E680002F552E /* HydraViewController.swift */ = {isa = PBXFileReference; fileEncoding = 4; lastKnownFileType = sourcecode.swift; path = HydraViewController.swift; sourceTree = "<group>"; };
		C563B8FE1DECFBCD00AE51D6 /* IATBluetooth.xcodeproj */ = {isa = PBXFileReference; lastKnownFileType = "wrapper.pb-project"; name = IATBluetooth.xcodeproj; path = IATBluetooth/IATBluetooth.xcodeproj; sourceTree = "<group>"; };
		C57B79D51BF79B77004DAB9B /* HydraPacket.h */ = {isa = PBXFileReference; fileEncoding = 4; lastKnownFileType = sourcecode.c.h; path = HydraPacket.h; sourceTree = "<group>"; };
		C57B79D61BF79B77004DAB9B /* HydraPacket.m */ = {isa = PBXFileReference; fileEncoding = 4; lastKnownFileType = sourcecode.c.objc; path = HydraPacket.m; sourceTree = "<group>"; };
		C581379D1BF500B5001238F8 /* CBPeripheral+iGateHelpers.h */ = {isa = PBXFileReference; fileEncoding = 4; lastKnownFileType = sourcecode.c.h; path = "CBPeripheral+iGateHelpers.h"; sourceTree = "<group>"; };
		C581379E1BF500B5001238F8 /* CBPeripheral+iGateHelpers.m */ = {isa = PBXFileReference; fileEncoding = 4; lastKnownFileType = sourcecode.c.objc; path = "CBPeripheral+iGateHelpers.m"; sourceTree = "<group>"; };
		C5936A231BF7DE6B005345C3 /* BitUtilities.h */ = {isa = PBXFileReference; lastKnownFileType = sourcecode.c.h; path = BitUtilities.h; sourceTree = "<group>"; };
		C5A2E32C1DE4321600F3D069 /* HydraComm.swift */ = {isa = PBXFileReference; fileEncoding = 4; lastKnownFileType = sourcecode.swift; path = HydraComm.swift; sourceTree = "<group>"; };
		C5A2E32E1DE631E900F3D069 /* HydraState.swift */ = {isa = PBXFileReference; fileEncoding = 4; lastKnownFileType = sourcecode.swift; path = HydraState.swift; sourceTree = "<group>"; };
		C5A2E3301DE649BD00F3D069 /* VoltageOutputDisplayView.swift */ = {isa = PBXFileReference; fileEncoding = 4; lastKnownFileType = sourcecode.swift; path = VoltageOutputDisplayView.swift; sourceTree = "<group>"; };
		C5A2E3321DE64BC000F3D069 /* StringExtensions.swift */ = {isa = PBXFileReference; fileEncoding = 4; lastKnownFileType = sourcecode.swift; path = StringExtensions.swift; sourceTree = "<group>"; };
		C5A2E3341DE64CD700F3D069 /* CurrentFormatter.swift */ = {isa = PBXFileReference; fileEncoding = 4; lastKnownFileType = sourcecode.swift; path = CurrentFormatter.swift; sourceTree = "<group>"; };
		C5A2E3361DEB9D7D00F3D069 /* HydraStateOverlay.swift */ = {isa = PBXFileReference; fileEncoding = 4; lastKnownFileType = sourcecode.swift; path = HydraStateOverlay.swift; sourceTree = "<group>"; };
		C5A2E3381DEBA64E00F3D069 /* HydraStatusOverlayView.xib */ = {isa = PBXFileReference; fileEncoding = 4; lastKnownFileType = file.xib; path = HydraStatusOverlayView.xib; sourceTree = "<group>"; };
		C5A2E33A1DEBA6BB00F3D069 /* HydraStatusOverlayView.swift */ = {isa = PBXFileReference; fileEncoding = 4; lastKnownFileType = sourcecode.swift; path = HydraStatusOverlayView.swift; sourceTree = "<group>"; };
		C5A2E33C1DEBBEF800F3D069 /* AngleViewTrans.png */ = {isa = PBXFileReference; lastKnownFileType = image.png; path = AngleViewTrans.png; sourceTree = "<group>"; };
		C5D4BB941E10F50D005E0FC5 /* iGatePeripheralDelegate.swift */ = {isa = PBXFileReference; fileEncoding = 4; lastKnownFileType = sourcecode.swift; path = iGatePeripheralDelegate.swift; sourceTree = "<group>"; };
		C5E71AB91DEE0AFB00180AAC /* iGate.h */ = {isa = PBXFileReference; lastKnownFileType = sourcecode.c.h; path = iGate.h; sourceTree = "<group>"; };
		C5E71ABA1DEE0B1100180AAC /* CiGateDelegate.h */ = {isa = PBXFileReference; lastKnownFileType = sourcecode.c.h; path = CiGateDelegate.h; sourceTree = "<group>"; };
		C5E71ABB1DEE0B4B00180AAC /* iGate.swift */ = {isa = PBXFileReference; fileEncoding = 4; lastKnownFileType = sourcecode.swift; path = iGate.swift; sourceTree = "<group>"; };
		C5FE4C7F1DFB3E15008FCFBC /* IATFoundationUtilities.xcodeproj */ = {isa = PBXFileReference; lastKnownFileType = "wrapper.pb-project"; name = IATFoundationUtilities.xcodeproj; path = IATFoundationUtilities/IATFoundationUtilities.xcodeproj; sourceTree = "<group>"; };
		CE052E06175EA09C003F80AE /* libiGate.a */ = {isa = PBXFileReference; lastKnownFileType = archive.ar; path = libiGate.a; sourceTree = "<group>"; };
		CE7F530E177B96C300678246 /* LCDyellow.png */ = {isa = PBXFileReference; lastKnownFileType = image.png; path = LCDyellow.png; sourceTree = "<group>"; };
		CE897587172205C100870825 /* hydra_logo.png */ = {isa = PBXFileReference; lastKnownFileType = image.png; path = hydra_logo.png; sourceTree = "<group>"; };
		CE897589172206E000870825 /* hydra_logo.png */ = {isa = PBXFileReference; lastKnownFileType = image.png; path = hydra_logo.png; sourceTree = "<group>"; };
		CE898A6A171752AC005A62FA /* DataLoggingViewController.h */ = {isa = PBXFileReference; fileEncoding = 4; lastKnownFileType = sourcecode.c.h; path = DataLoggingViewController.h; sourceTree = "<group>"; };
		CE898A6B171752AC005A62FA /* DataLoggingViewController.m */ = {isa = PBXFileReference; fileEncoding = 4; lastKnownFileType = sourcecode.c.objc; path = DataLoggingViewController.m; sourceTree = "<group>"; };
		CE8D3650171E07FE00BD64DD /* Default-568h@2x.png */ = {isa = PBXFileReference; lastKnownFileType = image.png; name = "Default-568h@2x.png"; path = "iGateTest/Default-568h@2x.png"; sourceTree = "<group>"; };
		CE8D3652171E144400BD64DD /* Utilities.h */ = {isa = PBXFileReference; fileEncoding = 4; lastKnownFileType = sourcecode.c.h; path = Utilities.h; sourceTree = "<group>"; };
		CE8D3653171E144700BD64DD /* Utilities.m */ = {isa = PBXFileReference; fileEncoding = 4; lastKnownFileType = sourcecode.c.objc; path = Utilities.m; sourceTree = "<group>"; };
		CE8D3655171E310700BD64DD /* MessageUI.framework */ = {isa = PBXFileReference; lastKnownFileType = wrapper.framework; name = MessageUI.framework; path = System/Library/Frameworks/MessageUI.framework; sourceTree = SDKROOT; };
		CE8FA136173AA9D000189C70 /* diagnostics.png */ = {isa = PBXFileReference; lastKnownFileType = image.png; path = diagnostics.png; sourceTree = "<group>"; };
		CE8FA138173AA9F900189C70 /* commands_icon.png */ = {isa = PBXFileReference; lastKnownFileType = image.png; path = commands_icon.png; sourceTree = "<group>"; };
		CE8FA13C173AAF2400189C70 /* graph.png */ = {isa = PBXFileReference; lastKnownFileType = image.png; path = graph.png; sourceTree = "<group>"; };
		CE8FA13E173AB48E00189C70 /* batteryicon.png */ = {isa = PBXFileReference; lastKnownFileType = image.png; path = batteryicon.png; sourceTree = "<group>"; };
		CE8FA140173ABB2C00189C70 /* BattChargingViewController.h */ = {isa = PBXFileReference; fileEncoding = 4; lastKnownFileType = sourcecode.c.h; path = BattChargingViewController.h; sourceTree = "<group>"; };
		CE8FA141173ABB2D00189C70 /* BattChargingViewController.m */ = {isa = PBXFileReference; fileEncoding = 4; lastKnownFileType = sourcecode.c.objc; path = BattChargingViewController.m; sourceTree = "<group>"; };
		CE8FA143173AC4C100189C70 /* seperator_line.png */ = {isa = PBXFileReference; lastKnownFileType = image.png; path = seperator_line.png; sourceTree = "<group>"; };
		CE95746617988A5C00C374A1 /* hydraTODO.rtf */ = {isa = PBXFileReference; fileEncoding = 4; lastKnownFileType = text.rtf; path = hydraTODO.rtf; sourceTree = "<group>"; };
		CEA2C9E616FB9E7700AA2663 /* InfoPlist.strings */ = {isa = PBXFileReference; fileEncoding = 4; lastKnownFileType = text.plist.strings; path = InfoPlist.strings; sourceTree = "<group>"; };
		CEA2C9E816FB9EBB00AA2663 /* MainStoryboard.storyboard */ = {isa = PBXFileReference; fileEncoding = 4; lastKnownFileType = file.storyboard; path = MainStoryboard.storyboard; sourceTree = "<group>"; };
		CEB9DBCC171641A6006DBD4B /* controlKnobFrameII.png */ = {isa = PBXFileReference; lastKnownFileType = image.png; path = controlKnobFrameII.png; sourceTree = "<group>"; };
		CEB9DBCE171641A6006DBD4B /* LCDblue.png */ = {isa = PBXFileReference; lastKnownFileType = image.png; path = LCDblue.png; sourceTree = "<group>"; };
		CEB9DBCF171641A6006DBD4B /* redLedOff.png */ = {isa = PBXFileReference; lastKnownFileType = image.png; path = redLedOff.png; sourceTree = "<group>"; };
		CEB9DBD0171641A6006DBD4B /* redLedOn.png */ = {isa = PBXFileReference; lastKnownFileType = image.png; path = redLedOn.png; sourceTree = "<group>"; };
		CEB9DBD1171641A6006DBD4B /* controlKnobII.png */ = {isa = PBXFileReference; lastKnownFileType = image.png; path = controlKnobII.png; sourceTree = "<group>"; };
		CEB9DBD2171641A6006DBD4B /* home.png */ = {isa = PBXFileReference; lastKnownFileType = image.png; path = home.png; sourceTree = "<group>"; };
		CEB9DBD4171641A6006DBD4B /* settings.png */ = {isa = PBXFileReference; lastKnownFileType = image.png; path = settings.png; sourceTree = "<group>"; };
		CEB9DBD5171641A6006DBD4B /* SimpleDarkGradient.png */ = {isa = PBXFileReference; lastKnownFileType = image.png; path = SimpleDarkGradient.png; sourceTree = "<group>"; };
		CEB9DBD6171641A6006DBD4B /* AppDelegate.h */ = {isa = PBXFileReference; fileEncoding = 4; lastKnownFileType = sourcecode.c.h; path = AppDelegate.h; sourceTree = "<group>"; };
		CEB9DBD7171641A6006DBD4B /* AppDelegate.m */ = {isa = PBXFileReference; fileEncoding = 4; lastKnownFileType = sourcecode.c.objc; path = AppDelegate.m; sourceTree = "<group>"; };
		CEB9DBDE171641A7006DBD4B /* steel_gradient.jpg */ = {isa = PBXFileReference; lastKnownFileType = image.jpeg; path = steel_gradient.jpg; sourceTree = "<group>"; };
		CEB9DBF81716453A006DBD4B /* SettingsViewController.h */ = {isa = PBXFileReference; fileEncoding = 4; lastKnownFileType = sourcecode.c.h; path = SettingsViewController.h; sourceTree = "<group>"; };
		CEB9DBF91716453A006DBD4B /* SettingsViewController.m */ = {isa = PBXFileReference; fileEncoding = 4; lastKnownFileType = sourcecode.c.objc; path = SettingsViewController.m; sourceTree = "<group>"; };
		CEB9DBFA1716453A006DBD4B /* StatusViewController.h */ = {isa = PBXFileReference; fileEncoding = 4; lastKnownFileType = sourcecode.c.h; path = StatusViewController.h; sourceTree = "<group>"; };
		CEB9DBFB1716453A006DBD4B /* StatusViewController.m */ = {isa = PBXFileReference; fileEncoding = 4; lastKnownFileType = sourcecode.c.objc; path = StatusViewController.m; sourceTree = "<group>"; };
		CEB9DBFC1716453A006DBD4B /* Channel.h */ = {isa = PBXFileReference; fileEncoding = 4; lastKnownFileType = sourcecode.c.h; path = Channel.h; sourceTree = "<group>"; };
		CEB9DBFD1716453A006DBD4B /* Channel.m */ = {isa = PBXFileReference; fileEncoding = 4; lastKnownFileType = sourcecode.c.objc; path = Channel.m; sourceTree = "<group>"; };
		CEB9DC0117170F50006DBD4B /* blackBtn.png */ = {isa = PBXFileReference; lastKnownFileType = image.png; path = blackBtn.png; sourceTree = "<group>"; };
		CEB9DC0917171834006DBD4B /* blackBtnSmall.png */ = {isa = PBXFileReference; lastKnownFileType = image.png; path = blackBtnSmall.png; sourceTree = "<group>"; };
		CEB9DC0B1717221E006DBD4B /* controlCanvas.png */ = {isa = PBXFileReference; lastKnownFileType = image.png; path = controlCanvas.png; sourceTree = "<group>"; };
		CEB9DC0D171734EF006DBD4B /* lightBtn.png */ = {isa = PBXFileReference; lastKnownFileType = image.png; path = lightBtn.png; sourceTree = "<group>"; };
/* End PBXFileReference section */

/* Begin PBXFrameworksBuildPhase section */
		7F1BBEEC159177A0000741FA /* Frameworks */ = {
			isa = PBXFrameworksBuildPhase;
			buildActionMask = 2147483647;
			files = (
				C5E71AB51DED470900180AAC /* IATBluetooth.framework in Frameworks */,
				7F1BBF151591785F000741FA /* CoreBluetooth.framework in Frameworks */,
				C5FE4C8E1DFB3E73008FCFBC /* IATFoundationUtilities.framework in Frameworks */,
				7F1BBEF4159177A0000741FA /* UIKit.framework in Frameworks */,
				7F1BBEF6159177A0000741FA /* Foundation.framework in Frameworks */,
				CE8D3657171E314500BD64DD /* MessageUI.framework in Frameworks */,
				7F1BBEF8159177A0000741FA /* CoreGraphics.framework in Frameworks */,
			);
			runOnlyForDeploymentPostprocessing = 0;
		};
/* End PBXFrameworksBuildPhase section */

/* Begin PBXGroup section */
		7F1BBEE4159177A0000741FA = {
			isa = PBXGroup;
			children = (
				C5FE4C7F1DFB3E15008FCFBC /* IATFoundationUtilities.xcodeproj */,
				C563B8FE1DECFBCD00AE51D6 /* IATBluetooth.xcodeproj */,
				C51E03AB1C61D06500F23E53 /* README.md */,
				CE897589172206E000870825 /* hydra_logo.png */,
				C538ABBB1DE3F2AD00DD0B65 /* Logo.png */,
				CE052E06175EA09C003F80AE /* libiGate.a */,
				CE8D3650171E07FE00BD64DD /* Default-568h@2x.png */,
				CE95746617988A5C00C374A1 /* hydraTODO.rtf */,
				C5E71AB81DEE0AC600180AAC /* libiGate */,
				7F1BBEF9159177A0000741FA /* iGateTest */,
				7F1BBEF2159177A0000741FA /* Frameworks */,
				7F1BBEF0159177A0000741FA /* Products */,
			);
			sourceTree = "<group>";
		};
		7F1BBEF0159177A0000741FA /* Products */ = {
			isa = PBXGroup;
			children = (
				7F1BBEEF159177A0000741FA /* Hydra.app */,
			);
			name = Products;
			sourceTree = "<group>";
		};
		7F1BBEF2159177A0000741FA /* Frameworks */ = {
			isa = PBXGroup;
			children = (
				CE8D3655171E310700BD64DD /* MessageUI.framework */,
				7F1BBF141591785F000741FA /* CoreBluetooth.framework */,
				7F1BBEF3159177A0000741FA /* UIKit.framework */,
				7F1BBEF5159177A0000741FA /* Foundation.framework */,
				7F1BBEF7159177A0000741FA /* CoreGraphics.framework */,
			);
			name = Frameworks;
			sourceTree = "<group>";
		};
		7F1BBEF9159177A0000741FA /* iGateTest */ = {
			isa = PBXGroup;
			children = (
				CEB9DBF7171641DA006DBD4B /* images */,
				C552FF941DE3D737002F552E /* Launch Screen.storyboard */,
				C5A2E3381DEBA64E00F3D069 /* HydraStatusOverlayView.xib */,
				C552FF9C1DE3DA81002F552E /* Storyboard.storyboard */,
				C552FFA31DE3E680002F552E /* HydraViewController.swift */,
				C552FF9F1DE3DF50002F552E /* VoltageInputDisplayView.swift */,
				C5A2E3301DE649BD00F3D069 /* VoltageOutputDisplayView.swift */,
				C552FFA11DE3DFCF002F552E /* VoltageFormatter.swift */,
				C5A2E3341DE64CD700F3D069 /* CurrentFormatter.swift */,
				C538ABBD1DE4260600DD0B65 /* PaddedLabel.swift */,
				C5A2E32C1DE4321600F3D069 /* HydraComm.swift */,
				C5A2E32E1DE631E900F3D069 /* HydraState.swift */,
				C5A2E3321DE64BC000F3D069 /* StringExtensions.swift */,
				C5A2E3361DEB9D7D00F3D069 /* HydraStateOverlay.swift */,
				C5A2E33A1DEBA6BB00F3D069 /* HydraStatusOverlayView.swift */,
				CEB9DBD6171641A6006DBD4B /* AppDelegate.h */,
				CEB9DBD7171641A6006DBD4B /* AppDelegate.m */,
				C54D034F1C153989000DE766 /* CHRHChannelView.h */,
				C54D03501C153989000DE766 /* CHRHChannelView.m */,
				CEA2C9E816FB9EBB00AA2663 /* MainStoryboard.storyboard */,
				CE8FA140173ABB2C00189C70 /* BattChargingViewController.h */,
				CE8FA141173ABB2D00189C70 /* BattChargingViewController.m */,
				CE898A6A171752AC005A62FA /* DataLoggingViewController.h */,
				CE898A6B171752AC005A62FA /* DataLoggingViewController.m */,
				CEB9DBF81716453A006DBD4B /* SettingsViewController.h */,
				CEB9DBF91716453A006DBD4B /* SettingsViewController.m */,
				CEB9DBFA1716453A006DBD4B /* StatusViewController.h */,
				CEB9DBFB1716453A006DBD4B /* StatusViewController.m */,
				CEB9DBFC1716453A006DBD4B /* Channel.h */,
				CEB9DBFD1716453A006DBD4B /* Channel.m */,
				CE8D3652171E144400BD64DD /* Utilities.h */,
				CE8D3653171E144700BD64DD /* Utilities.m */,
				C57B79D51BF79B77004DAB9B /* HydraPacket.h */,
				C57B79D61BF79B77004DAB9B /* HydraPacket.m */,
				C581379D1BF500B5001238F8 /* CBPeripheral+iGateHelpers.h */,
				C581379E1BF500B5001238F8 /* CBPeripheral+iGateHelpers.m */,
				C5936A231BF7DE6B005345C3 /* BitUtilities.h */,
				7F1BBEFA159177A0000741FA /* Supporting Files */,
				C552FF9E1DE3DF50002F552E /* Hydra-Bridging-Header.h */,
			);
			path = iGateTest;
			sourceTree = "<group>";
		};
		7F1BBEFA159177A0000741FA /* Supporting Files */ = {
			isa = PBXGroup;
			children = (
				7F1BBEFB159177A0000741FA /* Hydra-Info.plist */,
				CEA2C9E616FB9E7700AA2663 /* InfoPlist.strings */,
				7F1BBEFF159177A0000741FA /* main.m */,
				7F1BBF01159177A0000741FA /* Hydra-Prefix.pch */,
			);
			name = "Supporting Files";
			sourceTree = "<group>";
		};
		C563B8FF1DECFBCD00AE51D6 /* Products */ = {
			isa = PBXGroup;
			children = (
				C563B9041DECFBCE00AE51D6 /* IATBluetooth.framework */,
				C563B9061DECFBCE00AE51D6 /* IATBluetoothTests.xctest */,
			);
			name = Products;
			sourceTree = "<group>";
		};
		C5E71AB81DEE0AC600180AAC /* libiGate */ = {
			isa = PBXGroup;
			children = (
				C5E71AB91DEE0AFB00180AAC /* iGate.h */,
				C5E71ABA1DEE0B1100180AAC /* CiGateDelegate.h */,
				C5E71ABB1DEE0B4B00180AAC /* iGate.swift */,
				C5D4BB941E10F50D005E0FC5 /* iGatePeripheralDelegate.swift */,
			);
			path = libiGate;
			sourceTree = "<group>";
		};
		C5FE4C801DFB3E15008FCFBC /* Products */ = {
			isa = PBXGroup;
			children = (
				C5FE4C851DFB3E16008FCFBC /* IATFoundationUtilities.framework */,
				C5FE4C871DFB3E16008FCFBC /* IATFoundationUtilitiesTests.xctest */,
			);
			name = Products;
			sourceTree = "<group>";
		};
		CEB9DBF7171641DA006DBD4B /* images */ = {
			isa = PBXGroup;
			children = (
				C552FF961DE3D757002F552E /* TopView.jpeg */,
				C552FF971DE3D757002F552E /* AngleView.jpeg */,
				C5A2E33C1DEBBEF800F3D069 /* AngleViewTrans.png */,
				C552FF981DE3D757002F552E /* HeldView.jpeg */,
				CE8FA136173AA9D000189C70 /* diagnostics.png */,
				CEB9DC0117170F50006DBD4B /* blackBtn.png */,
				CE8FA143173AC4C100189C70 /* seperator_line.png */,
				CE7F530E177B96C300678246 /* LCDyellow.png */,
				CE8FA138173AA9F900189C70 /* commands_icon.png */,
				CEB9DBCE171641A6006DBD4B /* LCDblue.png */,
				CEB9DC0917171834006DBD4B /* blackBtnSmall.png */,
				CE8FA13C173AAF2400189C70 /* graph.png */,
				CEB9DBCF171641A6006DBD4B /* redLedOff.png */,
				CEB9DBD0171641A6006DBD4B /* redLedOn.png */,
				CEB9DBD1171641A6006DBD4B /* controlKnobII.png */,
				CE8FA13E173AB48E00189C70 /* batteryicon.png */,
				CEB9DBD2171641A6006DBD4B /* home.png */,
				CEB9DBD4171641A6006DBD4B /* settings.png */,
				CEB9DC0B1717221E006DBD4B /* controlCanvas.png */,
				CEB9DBD5171641A6006DBD4B /* SimpleDarkGradient.png */,
				CEB9DC0D171734EF006DBD4B /* lightBtn.png */,
				CEB9DBDE171641A7006DBD4B /* steel_gradient.jpg */,
				CE897587172205C100870825 /* hydra_logo.png */,
				CEB9DBCC171641A6006DBD4B /* controlKnobFrameII.png */,
			);
			name = images;
			sourceTree = "<group>";
		};
/* End PBXGroup section */

/* Begin PBXNativeTarget section */
		7F1BBEEE159177A0000741FA /* Hydra */ = {
			isa = PBXNativeTarget;
			buildConfigurationList = 7F1BBF0D159177A0000741FA /* Build configuration list for PBXNativeTarget "Hydra" */;
			buildPhases = (
				7F1BBEEB159177A0000741FA /* Sources */,
				7F1BBEEC159177A0000741FA /* Frameworks */,
				7F1BBEED159177A0000741FA /* Resources */,
				C5FE4C561DF8F2F1008FCFBC /* Embed Frameworks */,
			);
			buildRules = (
			);
			dependencies = (
				C5E71AB71DEE0A8E00180AAC /* PBXTargetDependency */,
				C5FE4C551DF8F2F1008FCFBC /* PBXTargetDependency */,
				C5FE4C911DFB3E73008FCFBC /* PBXTargetDependency */,
			);
			name = Hydra;
			productName = iGateTest;
			productReference = 7F1BBEEF159177A0000741FA /* Hydra.app */;
			productType = "com.apple.product-type.application";
		};
/* End PBXNativeTarget section */

/* Begin PBXProject section */
		7F1BBEE6159177A0000741FA /* Project object */ = {
			isa = PBXProject;
			attributes = {
				CLASSPREFIX = CHRH;
				LastUpgradeCheck = 0820;
				ORGANIZATIONNAME = "Ingenious Arts and Technologies LLC";
				TargetAttributes = {
					7F1BBEEE159177A0000741FA = {
						DevelopmentTeam = H8E2LSZV55;
						LastSwiftMigration = 0810;
						ProvisioningStyle = Automatic;
					};
				};
			};
			buildConfigurationList = 7F1BBEE9159177A0000741FA /* Build configuration list for PBXProject "hydra" */;
			compatibilityVersion = "Xcode 3.2";
			developmentRegion = English;
			hasScannedForEncodings = 0;
			knownRegions = (
				en,
			);
			mainGroup = 7F1BBEE4159177A0000741FA;
			productRefGroup = 7F1BBEF0159177A0000741FA /* Products */;
			projectDirPath = "";
			projectReferences = (
				{
					ProductGroup = C563B8FF1DECFBCD00AE51D6 /* Products */;
					ProjectRef = C563B8FE1DECFBCD00AE51D6 /* IATBluetooth.xcodeproj */;
				},
				{
					ProductGroup = C5FE4C801DFB3E15008FCFBC /* Products */;
					ProjectRef = C5FE4C7F1DFB3E15008FCFBC /* IATFoundationUtilities.xcodeproj */;
				},
			);
			projectRoot = "";
			targets = (
				7F1BBEEE159177A0000741FA /* Hydra */,
			);
		};
/* End PBXProject section */

/* Begin PBXReferenceProxy section */
		C563B9041DECFBCE00AE51D6 /* IATBluetooth.framework */ = {
			isa = PBXReferenceProxy;
			fileType = wrapper.framework;
			path = IATBluetooth.framework;
			remoteRef = C563B9031DECFBCE00AE51D6 /* PBXContainerItemProxy */;
			sourceTree = BUILT_PRODUCTS_DIR;
		};
		C563B9061DECFBCE00AE51D6 /* IATBluetoothTests.xctest */ = {
			isa = PBXReferenceProxy;
			fileType = wrapper.cfbundle;
			path = IATBluetoothTests.xctest;
			remoteRef = C563B9051DECFBCE00AE51D6 /* PBXContainerItemProxy */;
			sourceTree = BUILT_PRODUCTS_DIR;
		};
		C5FE4C851DFB3E16008FCFBC /* IATFoundationUtilities.framework */ = {
			isa = PBXReferenceProxy;
			fileType = wrapper.framework;
			path = IATFoundationUtilities.framework;
			remoteRef = C5FE4C841DFB3E16008FCFBC /* PBXContainerItemProxy */;
			sourceTree = BUILT_PRODUCTS_DIR;
		};
		C5FE4C871DFB3E16008FCFBC /* IATFoundationUtilitiesTests.xctest */ = {
			isa = PBXReferenceProxy;
			fileType = wrapper.cfbundle;
			path = IATFoundationUtilitiesTests.xctest;
			remoteRef = C5FE4C861DFB3E16008FCFBC /* PBXContainerItemProxy */;
			sourceTree = BUILT_PRODUCTS_DIR;
		};
/* End PBXReferenceProxy section */

/* Begin PBXResourcesBuildPhase section */
		7F1BBEED159177A0000741FA /* Resources */ = {
			isa = PBXResourcesBuildPhase;
			buildActionMask = 2147483647;
			files = (
				CEA2C9E716FB9E7700AA2663 /* InfoPlist.strings in Resources */,
				C5A2E3391DEBA64E00F3D069 /* HydraStatusOverlayView.xib in Resources */,
				CEB9DBE3171641A7006DBD4B /* controlKnobFrameII.png in Resources */,
				CEB9DBE5171641A7006DBD4B /* LCDblue.png in Resources */,
				C552FF951DE3D737002F552E /* Launch Screen.storyboard in Resources */,
				CEB9DBE6171641A7006DBD4B /* redLedOff.png in Resources */,
				CEB9DBE7171641A7006DBD4B /* redLedOn.png in Resources */,
				CEB9DBE8171641A7006DBD4B /* controlKnobII.png in Resources */,
				CEB9DBE9171641A7006DBD4B /* home.png in Resources */,
				C552FF991DE3D757002F552E /* TopView.jpeg in Resources */,
				CEB9DBEB171641A7006DBD4B /* settings.png in Resources */,
				CEB9DBEC171641A7006DBD4B /* SimpleDarkGradient.png in Resources */,
				C552FF9A1DE3D757002F552E /* AngleView.jpeg in Resources */,
				C552FF9B1DE3D757002F552E /* HeldView.jpeg in Resources */,
				C5A2E33D1DEBBEF800F3D069 /* AngleViewTrans.png in Resources */,
				CEB9DBF4171641A7006DBD4B /* steel_gradient.jpg in Resources */,
				CEB9DC0217170F51006DBD4B /* blackBtn.png in Resources */,
				CEB9DC0A17171834006DBD4B /* blackBtnSmall.png in Resources */,
				CEB9DC0C1717221E006DBD4B /* controlCanvas.png in Resources */,
				CEB9DC0E171734EF006DBD4B /* lightBtn.png in Resources */,
				CE8D3651171E07FE00BD64DD /* Default-568h@2x.png in Resources */,
				CE897588172205C100870825 /* hydra_logo.png in Resources */,
				C538ABBC1DE3F2AD00DD0B65 /* Logo.png in Resources */,
				CE8FA137173AA9D000189C70 /* diagnostics.png in Resources */,
				CE8FA139173AA9F900189C70 /* commands_icon.png in Resources */,
				CE8FA13D173AAF2400189C70 /* graph.png in Resources */,
				CE8FA13F173AB48E00189C70 /* batteryicon.png in Resources */,
				CE8FA144173AC4C100189C70 /* seperator_line.png in Resources */,
				CE7F530F177B96C300678246 /* LCDyellow.png in Resources */,
				CE95746717988A5D00C374A1 /* hydraTODO.rtf in Resources */,
				C552FF9D1DE3DA81002F552E /* Storyboard.storyboard in Resources */,
			);
			runOnlyForDeploymentPostprocessing = 0;
		};
/* End PBXResourcesBuildPhase section */

/* Begin PBXSourcesBuildPhase section */
		7F1BBEEB159177A0000741FA /* Sources */ = {
			isa = PBXSourcesBuildPhase;
			buildActionMask = 2147483647;
			files = (
				C57B79D71BF79B77004DAB9B /* HydraPacket.m in Sources */,
				C552FFA41DE3E680002F552E /* HydraViewController.swift in Sources */,
				7F1BBF00159177A0000741FA /* main.m in Sources */,
				C538ABBE1DE4260700DD0B65 /* PaddedLabel.swift in Sources */,
				C5A2E3351DE64CD700F3D069 /* CurrentFormatter.swift in Sources */,
				CEB9DBED171641A7006DBD4B /* AppDelegate.m in Sources */,
				C58137A21BF5437C001238F8 /* CBPeripheral+iGateHelpers.m in Sources */,
				CEB9DC001716453A006DBD4B /* Channel.m in Sources */,
				C5A2E3311DE649BD00F3D069 /* VoltageOutputDisplayView.swift in Sources */,
				CE8D3654171E144800BD64DD /* Utilities.m in Sources */,
				C5A2E33B1DEBA6BB00F3D069 /* HydraStatusOverlayView.swift in Sources */,
				C552FFA01DE3DF50002F552E /* VoltageInputDisplayView.swift in Sources */,
				C5A2E32F1DE631E900F3D069 /* HydraState.swift in Sources */,
				C5A2E3371DEB9D7D00F3D069 /* HydraStateOverlay.swift in Sources */,
				C5D4BB951E10F50D005E0FC5 /* iGatePeripheralDelegate.swift in Sources */,
				C5E71ABC1DEE0B4B00180AAC /* iGate.swift in Sources */,
				C5A2E32D1DE4321600F3D069 /* HydraComm.swift in Sources */,
				C552FFA21DE3DFCF002F552E /* VoltageFormatter.swift in Sources */,
				C5A2E3331DE64BC000F3D069 /* StringExtensions.swift in Sources */,
			);
			runOnlyForDeploymentPostprocessing = 0;
		};
/* End PBXSourcesBuildPhase section */

/* Begin PBXTargetDependency section */
		C5E71AB71DEE0A8E00180AAC /* PBXTargetDependency */ = {
			isa = PBXTargetDependency;
			name = IATBluetooth;
			targetProxy = C5E71AB61DEE0A8E00180AAC /* PBXContainerItemProxy */;
		};
		C5FE4C551DF8F2F1008FCFBC /* PBXTargetDependency */ = {
			isa = PBXTargetDependency;
			name = IATBluetooth;
			targetProxy = C5FE4C541DF8F2F1008FCFBC /* PBXContainerItemProxy */;
		};
		C5FE4C911DFB3E73008FCFBC /* PBXTargetDependency */ = {
			isa = PBXTargetDependency;
			name = IATFoundationUtilities;
			targetProxy = C5FE4C901DFB3E73008FCFBC /* PBXContainerItemProxy */;
		};
/* End PBXTargetDependency section */

/* Begin XCBuildConfiguration section */
		7F1BBF0B159177A0000741FA /* Debug */ = {
			isa = XCBuildConfiguration;
			buildSettings = {
				ALWAYS_SEARCH_USER_PATHS = NO;
				CLANG_ENABLE_OBJC_ARC = YES;
				CLANG_WARN_BOOL_CONVERSION = YES;
				CLANG_WARN_CONSTANT_CONVERSION = YES;
				CLANG_WARN_EMPTY_BODY = YES;
				CLANG_WARN_ENUM_CONVERSION = YES;
				CLANG_WARN_INFINITE_RECURSION = YES;
				CLANG_WARN_INT_CONVERSION = YES;
				CLANG_WARN_SUSPICIOUS_MOVE = YES;
				CLANG_WARN_UNREACHABLE_CODE = YES;
				CLANG_WARN__DUPLICATE_METHOD_MATCH = YES;
				CODE_SIGN_IDENTITY = "iPhone Developer: Kurt Arnlund (NBX44EGYRB)";
				COPY_PHASE_STRIP = NO;
				ENABLE_BITCODE = NO;
				ENABLE_STRICT_OBJC_MSGSEND = YES;
				ENABLE_TESTABILITY = YES;
				GCC_C_LANGUAGE_STANDARD = gnu99;
				GCC_DYNAMIC_NO_PIC = NO;
				GCC_NO_COMMON_BLOCKS = YES;
				GCC_OPTIMIZATION_LEVEL = 0;
				GCC_PREPROCESSOR_DEFINITIONS = (
					"DEBUG=1",
					"$(inherited)",
				);
				GCC_SYMBOLS_PRIVATE_EXTERN = NO;
				GCC_VERSION = com.apple.compilers.llvm.clang.1_0;
				GCC_WARN_64_TO_32_BIT_CONVERSION = YES;
				GCC_WARN_ABOUT_RETURN_TYPE = YES;
				GCC_WARN_UNDECLARED_SELECTOR = YES;
				GCC_WARN_UNINITIALIZED_AUTOS = YES;
				GCC_WARN_UNUSED_FUNCTION = YES;
				GCC_WARN_UNUSED_VARIABLE = YES;
				IPHONEOS_DEPLOYMENT_TARGET = 8.0;
				ONLY_ACTIVE_ARCH = YES;
				SDKROOT = iphoneos;
				SWIFT_VERSION = 3.0;
			};
			name = Debug;
		};
		7F1BBF0C159177A0000741FA /* Release */ = {
			isa = XCBuildConfiguration;
			buildSettings = {
				ALWAYS_SEARCH_USER_PATHS = NO;
				CLANG_ENABLE_OBJC_ARC = YES;
				CLANG_WARN_BOOL_CONVERSION = YES;
				CLANG_WARN_CONSTANT_CONVERSION = YES;
				CLANG_WARN_EMPTY_BODY = YES;
				CLANG_WARN_ENUM_CONVERSION = YES;
				CLANG_WARN_INFINITE_RECURSION = YES;
				CLANG_WARN_INT_CONVERSION = YES;
				CLANG_WARN_SUSPICIOUS_MOVE = YES;
				CLANG_WARN_UNREACHABLE_CODE = YES;
				CLANG_WARN__DUPLICATE_METHOD_MATCH = YES;
				CODE_SIGN_IDENTITY = "iPhone Developer: Kurt Arnlund (NBX44EGYRB)";
				COPY_PHASE_STRIP = YES;
				ENABLE_BITCODE = NO;
				ENABLE_STRICT_OBJC_MSGSEND = YES;
				GCC_C_LANGUAGE_STANDARD = gnu99;
				GCC_NO_COMMON_BLOCKS = YES;
				GCC_VERSION = com.apple.compilers.llvm.clang.1_0;
				GCC_WARN_64_TO_32_BIT_CONVERSION = YES;
				GCC_WARN_ABOUT_RETURN_TYPE = YES;
				GCC_WARN_UNDECLARED_SELECTOR = YES;
				GCC_WARN_UNINITIALIZED_AUTOS = YES;
				GCC_WARN_UNUSED_FUNCTION = YES;
				GCC_WARN_UNUSED_VARIABLE = YES;
				IPHONEOS_DEPLOYMENT_TARGET = 8.0;
				OTHER_CFLAGS = "-DNS_BLOCK_ASSERTIONS=1";
				SDKROOT = iphoneos;
				SWIFT_OPTIMIZATION_LEVEL = "-Owholemodule";
				SWIFT_VERSION = 3.0;
				VALIDATE_PRODUCT = YES;
			};
			name = Release;
		};
		7F1BBF0E159177A0000741FA /* Debug */ = {
			isa = XCBuildConfiguration;
			buildSettings = {
				ALWAYS_EMBED_SWIFT_STANDARD_LIBRARIES = YES;
				CLANG_ENABLE_MODULES = YES;
				"CODE_SIGN_IDENTITY[sdk=iphoneos*]" = "iPhone Developer";
				DEAD_CODE_STRIPPING = NO;
				DEVELOPMENT_TEAM = H8E2LSZV55;
				GCC_PRECOMPILE_PREFIX_HEADER = YES;
				GCC_PREFIX_HEADER = "iGateTest/Hydra-Prefix.pch";
				GENERATE_MASTER_OBJECT_FILE = NO;
				INFOPLIST_FILE = "$(SRCROOT)/iGateTest/Hydra-Info.plist";
				IPHONEOS_DEPLOYMENT_TARGET = 10.0;
				LD_RUNPATH_SEARCH_PATHS = "$(inherited) @executable_path/Frameworks";
				LIBRARY_SEARCH_PATHS = (
					"$(SRCROOT)",
					"$(PROJECT_DIR)",
				);
				OTHER_LDFLAGS = "-ObjC";
				PRODUCT_BUNDLE_IDENTIFIER = com.chrobotics.llc.Hydra;
				PRODUCT_NAME = "$(TARGET_NAME)";
				SWIFT_OBJC_BRIDGING_HEADER = "iGateTest/Hydra-Bridging-Header.h";
				SWIFT_OPTIMIZATION_LEVEL = "-Onone";
				WRAPPER_EXTENSION = app;
			};
			name = Debug;
		};
		7F1BBF0F159177A0000741FA /* Release */ = {
			isa = XCBuildConfiguration;
			buildSettings = {
				ALWAYS_EMBED_SWIFT_STANDARD_LIBRARIES = YES;
				CLANG_ENABLE_MODULES = YES;
				"CODE_SIGN_IDENTITY[sdk=iphoneos*]" = "iPhone Developer";
				DEAD_CODE_STRIPPING = NO;
				DEVELOPMENT_TEAM = H8E2LSZV55;
				GCC_PRECOMPILE_PREFIX_HEADER = YES;
				GCC_PREFIX_HEADER = "iGateTest/Hydra-Prefix.pch";
				GENERATE_MASTER_OBJECT_FILE = NO;
				INFOPLIST_FILE = "$(SRCROOT)/iGateTest/Hydra-Info.plist";
				IPHONEOS_DEPLOYMENT_TARGET = 10.0;
				LD_RUNPATH_SEARCH_PATHS = "$(inherited) @executable_path/Frameworks";
				LIBRARY_SEARCH_PATHS = (
					"$(SRCROOT)",
					"$(PROJECT_DIR)",
				);
				OTHER_LDFLAGS = "-ObjC";
				PRODUCT_BUNDLE_IDENTIFIER = com.chrobotics.llc.Hydra;
				PRODUCT_NAME = "$(TARGET_NAME)";
				SWIFT_OBJC_BRIDGING_HEADER = "iGateTest/Hydra-Bridging-Header.h";
				WRAPPER_EXTENSION = app;
			};
			name = Release;
		};
/* End XCBuildConfiguration section */

/* Begin XCConfigurationList section */
		7F1BBEE9159177A0000741FA /* Build configuration list for PBXProject "hydra" */ = {
			isa = XCConfigurationList;
			buildConfigurations = (
				7F1BBF0B159177A0000741FA /* Debug */,
				7F1BBF0C159177A0000741FA /* Release */,
			);
			defaultConfigurationIsVisible = 0;
			defaultConfigurationName = Release;
		};
		7F1BBF0D159177A0000741FA /* Build configuration list for PBXNativeTarget "Hydra" */ = {
			isa = XCConfigurationList;
			buildConfigurations = (
				7F1BBF0E159177A0000741FA /* Debug */,
				7F1BBF0F159177A0000741FA /* Release */,
			);
			defaultConfigurationIsVisible = 0;
			defaultConfigurationName = Release;
		};
/* End XCConfigurationList section */
	};
	rootObject = 7F1BBEE6159177A0000741FA /* Project object */;
}
