// !$*UTF8*$!
{
	archiveVersion = 1;
	classes = {
	};
	objectVersion = 46;
	objects = {

/* Begin PBXBuildFile section */
		C563B8EE1DECFBCD00AE51D6 /* IATBluetooth.framework in Frameworks */ = {isa = PBXBuildFile; fileRef = C563B8E41DECFBCD00AE51D6 /* IATBluetooth.framework */; };
		C563B8F51DECFBCD00AE51D6 /* IATBluetooth.h in Headers */ = {isa = PBXBuildFile; fileRef = C563B8E71DECFBCD00AE51D6 /* IATBluetooth.h */; settings = {ATTRIBUTES = (Public, ); }; };
		C563B9081DECFC0F00AE51D6 /* IATBTDiscovery.swift in Sources */ = {isa = PBXBuildFile; fileRef = C563B9071DECFC0F00AE51D6 /* IATBTDiscovery.swift */; };
		C563B90A1DED096B00AE51D6 /* IATBTService.swift in Sources */ = {isa = PBXBuildFile; fileRef = C563B9091DED096B00AE51D6 /* IATBTService.swift */; };
		C58923CC1DED1C01005E01E6 /* IATBTServiceGroup.swift in Sources */ = {isa = PBXBuildFile; fileRef = C58923CB1DED1C01005E01E6 /* IATBTServiceGroup.swift */; };
		C5E71AB01DED33A600180AAC /* IATBTServiceManager.swift in Sources */ = {isa = PBXBuildFile; fileRef = C5E71AAF1DED33A600180AAC /* IATBTServiceManager.swift */; };
		C5E71AB21DED3DB000180AAC /* IATBTDeviceInformationService.swift in Sources */ = {isa = PBXBuildFile; fileRef = C5E71AB11DED3DB000180AAC /* IATBTDeviceInformationService.swift */; };
		C5E71AC01DEE228500180AAC /* IATBTPeripheral.swift in Sources */ = {isa = PBXBuildFile; fileRef = C5E71ABF1DEE228500180AAC /* IATBTPeripheral.swift */; };
		C5FE4C5A1DFB3369008FCFBC /* CoreBluetooth.framework in Frameworks */ = {isa = PBXBuildFile; fileRef = C5FE4C581DFB335E008FCFBC /* CoreBluetooth.framework */; };
		C5FE4C951DFB4206008FCFBC /* IATFoundationUtilities.framework in Frameworks */ = {isa = PBXBuildFile; fileRef = C5FE4C941DFB4206008FCFBC /* IATFoundationUtilities.framework */; };
		C5FE4C971DFB459A008FCFBC /* IATBTSerivceObjCTest.m in Sources */ = {isa = PBXBuildFile; fileRef = C5FE4C961DFB459A008FCFBC /* IATBTSerivceObjCTest.m */; };
		C5FE4C981DFB736F008FCFBC /* IATFoundationUtilities.framework in Frameworks */ = {isa = PBXBuildFile; fileRef = C5FE4C941DFB4206008FCFBC /* IATFoundationUtilities.framework */; };
/* End PBXBuildFile section */

/* Begin PBXContainerItemProxy section */
		C521CCFD1DFB8D1A00AA0969 /* PBXContainerItemProxy */ = {
			isa = PBXContainerItemProxy;
			containerPortal = C563B8DB1DECFBCD00AE51D6 /* Project object */;
			proxyType = 1;
			remoteGlobalIDString = C563B8E31DECFBCD00AE51D6;
			remoteInfo = IATBluetooth;
		};
/* End PBXContainerItemProxy section */

/* Begin PBXFileReference section */
		C563B8E41DECFBCD00AE51D6 /* IATBluetooth.framework */ = {isa = PBXFileReference; explicitFileType = wrapper.framework; includeInIndex = 0; path = IATBluetooth.framework; sourceTree = BUILT_PRODUCTS_DIR; };
		C563B8E71DECFBCD00AE51D6 /* IATBluetooth.h */ = {isa = PBXFileReference; lastKnownFileType = sourcecode.c.h; path = IATBluetooth.h; sourceTree = "<group>"; };
		C563B8E81DECFBCD00AE51D6 /* Info.plist */ = {isa = PBXFileReference; lastKnownFileType = text.plist.xml; path = Info.plist; sourceTree = "<group>"; };
		C563B8ED1DECFBCD00AE51D6 /* IATBluetoothTests.xctest */ = {isa = PBXFileReference; explicitFileType = wrapper.cfbundle; includeInIndex = 0; path = IATBluetoothTests.xctest; sourceTree = BUILT_PRODUCTS_DIR; };
		C563B8F41DECFBCD00AE51D6 /* Info.plist */ = {isa = PBXFileReference; lastKnownFileType = text.plist.xml; path = Info.plist; sourceTree = "<group>"; };
		C563B9071DECFC0F00AE51D6 /* IATBTDiscovery.swift */ = {isa = PBXFileReference; fileEncoding = 4; lastKnownFileType = sourcecode.swift; path = IATBTDiscovery.swift; sourceTree = "<group>"; };
		C563B9091DED096B00AE51D6 /* IATBTService.swift */ = {isa = PBXFileReference; fileEncoding = 4; lastKnownFileType = sourcecode.swift; path = IATBTService.swift; sourceTree = "<group>"; };
		C58923CB1DED1C01005E01E6 /* IATBTServiceGroup.swift */ = {isa = PBXFileReference; fileEncoding = 4; lastKnownFileType = sourcecode.swift; path = IATBTServiceGroup.swift; sourceTree = "<group>"; };
		C5E71AAF1DED33A600180AAC /* IATBTServiceManager.swift */ = {isa = PBXFileReference; fileEncoding = 4; lastKnownFileType = sourcecode.swift; path = IATBTServiceManager.swift; sourceTree = "<group>"; };
		C5E71AB11DED3DB000180AAC /* IATBTDeviceInformationService.swift */ = {isa = PBXFileReference; fileEncoding = 4; lastKnownFileType = sourcecode.swift; path = IATBTDeviceInformationService.swift; sourceTree = "<group>"; };
		C5E71ABF1DEE228500180AAC /* IATBTPeripheral.swift */ = {isa = PBXFileReference; fileEncoding = 4; lastKnownFileType = sourcecode.swift; path = IATBTPeripheral.swift; sourceTree = "<group>"; };
		C5FE4C581DFB335E008FCFBC /* CoreBluetooth.framework */ = {isa = PBXFileReference; lastKnownFileType = wrapper.framework; name = CoreBluetooth.framework; path = System/Library/Frameworks/CoreBluetooth.framework; sourceTree = SDKROOT; };
		C5FE4C921DFB3E89008FCFBC /* IATFoundationUtilities.framework */ = {isa = PBXFileReference; lastKnownFileType = wrapper.framework; name = IATFoundationUtilities.framework; path = "../IATFoundationUtilities/build/Debug-iphoneos/IATFoundationUtilities.framework"; sourceTree = "<group>"; };
		C5FE4C941DFB4206008FCFBC /* IATFoundationUtilities.framework */ = {isa = PBXFileReference; lastKnownFileType = wrapper.framework; name = IATFoundationUtilities.framework; path = "../../../../Library/Developer/Xcode/DerivedData/hydra-bwxwancmltowhbfgngkyvjjghfam/Build/Products/Debug-iphonesimulator/IATFoundationUtilities.framework"; sourceTree = "<group>"; };
		C5FE4C961DFB459A008FCFBC /* IATBTSerivceObjCTest.m */ = {isa = PBXFileReference; fileEncoding = 4; lastKnownFileType = sourcecode.c.objc; path = IATBTSerivceObjCTest.m; sourceTree = "<group>"; };
/* End PBXFileReference section */

/* Begin PBXFrameworksBuildPhase section */
		C563B8E01DECFBCD00AE51D6 /* Frameworks */ = {
			isa = PBXFrameworksBuildPhase;
			buildActionMask = 2147483647;
			files = (
				C5FE4C981DFB736F008FCFBC /* IATFoundationUtilities.framework in Frameworks */,
			);
			runOnlyForDeploymentPostprocessing = 0;
		};
		C563B8EA1DECFBCD00AE51D6 /* Frameworks */ = {
			isa = PBXFrameworksBuildPhase;
			buildActionMask = 2147483647;
			files = (
				C5FE4C5A1DFB3369008FCFBC /* CoreBluetooth.framework in Frameworks */,
				C5FE4C951DFB4206008FCFBC /* IATFoundationUtilities.framework in Frameworks */,
				C563B8EE1DECFBCD00AE51D6 /* IATBluetooth.framework in Frameworks */,
			);
			runOnlyForDeploymentPostprocessing = 0;
		};
/* End PBXFrameworksBuildPhase section */

/* Begin PBXGroup section */
		C563B8DA1DECFBCD00AE51D6 = {
			isa = PBXGroup;
			children = (
				C563B8E61DECFBCD00AE51D6 /* IATBluetooth */,
				C563B8F11DECFBCD00AE51D6 /* IATBluetoothTests */,
				C563B8E51DECFBCD00AE51D6 /* Products */,
				C5FE4C571DFB335E008FCFBC /* Frameworks */,
			);
			sourceTree = "<group>";
		};
		C563B8E51DECFBCD00AE51D6 /* Products */ = {
			isa = PBXGroup;
			children = (
				C563B8E41DECFBCD00AE51D6 /* IATBluetooth.framework */,
				C563B8ED1DECFBCD00AE51D6 /* IATBluetoothTests.xctest */,
			);
			name = Products;
			sourceTree = "<group>";
		};
		C563B8E61DECFBCD00AE51D6 /* IATBluetooth */ = {
			isa = PBXGroup;
			children = (
				C563B8E71DECFBCD00AE51D6 /* IATBluetooth.h */,
				C563B8E81DECFBCD00AE51D6 /* Info.plist */,
				C563B9071DECFC0F00AE51D6 /* IATBTDiscovery.swift */,
				C5E71AAF1DED33A600180AAC /* IATBTServiceManager.swift */,
				C58923CB1DED1C01005E01E6 /* IATBTServiceGroup.swift */,
				C563B9091DED096B00AE51D6 /* IATBTService.swift */,
				C5E71AB11DED3DB000180AAC /* IATBTDeviceInformationService.swift */,
				C5E71ABF1DEE228500180AAC /* IATBTPeripheral.swift */,
			);
			path = IATBluetooth;
			sourceTree = "<group>";
		};
		C563B8F11DECFBCD00AE51D6 /* IATBluetoothTests */ = {
			isa = PBXGroup;
			children = (
				C563B8F41DECFBCD00AE51D6 /* Info.plist */,
				C5FE4C961DFB459A008FCFBC /* IATBTSerivceObjCTest.m */,
			);
			path = IATBluetoothTests;
			sourceTree = "<group>";
		};
		C5FE4C571DFB335E008FCFBC /* Frameworks */ = {
			isa = PBXGroup;
			children = (
				C5FE4C941DFB4206008FCFBC /* IATFoundationUtilities.framework */,
				C5FE4C921DFB3E89008FCFBC /* IATFoundationUtilities.framework */,
				C5FE4C581DFB335E008FCFBC /* CoreBluetooth.framework */,
			);
			name = Frameworks;
			sourceTree = "<group>";
		};
/* End PBXGroup section */

/* Begin PBXHeadersBuildPhase section */
		C563B8E11DECFBCD00AE51D6 /* Headers */ = {
			isa = PBXHeadersBuildPhase;
			buildActionMask = 2147483647;
			files = (
				C563B8F51DECFBCD00AE51D6 /* IATBluetooth.h in Headers */,
			);
			runOnlyForDeploymentPostprocessing = 0;
		};
/* End PBXHeadersBuildPhase section */

/* Begin PBXNativeTarget section */
		C563B8E31DECFBCD00AE51D6 /* IATBluetooth */ = {
			isa = PBXNativeTarget;
			buildConfigurationList = C563B8F81DECFBCD00AE51D6 /* Build configuration list for PBXNativeTarget "IATBluetooth" */;
			buildPhases = (
				C563B8DF1DECFBCD00AE51D6 /* Sources */,
				C563B8E01DECFBCD00AE51D6 /* Frameworks */,
				C563B8E11DECFBCD00AE51D6 /* Headers */,
				C563B8E21DECFBCD00AE51D6 /* Resources */,
			);
			buildRules = (
			);
			dependencies = (
			);
			name = IATBluetooth;
			productName = IATBluetooth;
			productReference = C563B8E41DECFBCD00AE51D6 /* IATBluetooth.framework */;
			productType = "com.apple.product-type.framework";
		};
		C563B8EC1DECFBCD00AE51D6 /* IATBluetoothTests */ = {
			isa = PBXNativeTarget;
			buildConfigurationList = C563B8FB1DECFBCD00AE51D6 /* Build configuration list for PBXNativeTarget "IATBluetoothTests" */;
			buildPhases = (
				C563B8E91DECFBCD00AE51D6 /* Sources */,
				C563B8EA1DECFBCD00AE51D6 /* Frameworks */,
				C563B8EB1DECFBCD00AE51D6 /* Resources */,
			);
			buildRules = (
			);
			dependencies = (
				C521CCFE1DFB8D1A00AA0969 /* PBXTargetDependency */,
			);
			name = IATBluetoothTests;
			productName = IATBluetoothTests;
			productReference = C563B8ED1DECFBCD00AE51D6 /* IATBluetoothTests.xctest */;
			productType = "com.apple.product-type.bundle.unit-test";
		};
/* End PBXNativeTarget section */

/* Begin PBXProject section */
		C563B8DB1DECFBCD00AE51D6 /* Project object */ = {
			isa = PBXProject;
			attributes = {
				LastSwiftUpdateCheck = 0810;
				LastUpgradeCheck = 0820;
				ORGANIZATIONNAME = "Ingenious Arts and Technologies LLC";
				TargetAttributes = {
					C563B8E31DECFBCD00AE51D6 = {
						CreatedOnToolsVersion = 8.1;
						DevelopmentTeam = H8E2LSZV55;
						LastSwiftMigration = 0820;
						ProvisioningStyle = Automatic;
					};
					C563B8EC1DECFBCD00AE51D6 = {
						CreatedOnToolsVersion = 8.1;
						DevelopmentTeam = H8E2LSZV55;
						LastSwiftMigration = 0820;
						ProvisioningStyle = Automatic;
					};
				};
			};
			buildConfigurationList = C563B8DE1DECFBCD00AE51D6 /* Build configuration list for PBXProject "IATBluetooth" */;
			compatibilityVersion = "Xcode 3.2";
			developmentRegion = English;
			hasScannedForEncodings = 0;
			knownRegions = (
				en,
			);
			mainGroup = C563B8DA1DECFBCD00AE51D6;
			productRefGroup = C563B8E51DECFBCD00AE51D6 /* Products */;
			projectDirPath = "";
			projectRoot = "";
			targets = (
				C563B8E31DECFBCD00AE51D6 /* IATBluetooth */,
				C563B8EC1DECFBCD00AE51D6 /* IATBluetoothTests */,
			);
		};
/* End PBXProject section */

/* Begin PBXResourcesBuildPhase section */
		C563B8E21DECFBCD00AE51D6 /* Resources */ = {
			isa = PBXResourcesBuildPhase;
			buildActionMask = 2147483647;
			files = (
			);
			runOnlyForDeploymentPostprocessing = 0;
		};
		C563B8EB1DECFBCD00AE51D6 /* Resources */ = {
			isa = PBXResourcesBuildPhase;
			buildActionMask = 2147483647;
			files = (
			);
			runOnlyForDeploymentPostprocessing = 0;
		};
/* End PBXResourcesBuildPhase section */

/* Begin PBXSourcesBuildPhase section */
		C563B8DF1DECFBCD00AE51D6 /* Sources */ = {
			isa = PBXSourcesBuildPhase;
			buildActionMask = 2147483647;
			files = (
				C5E71AB01DED33A600180AAC /* IATBTServiceManager.swift in Sources */,
				C563B90A1DED096B00AE51D6 /* IATBTService.swift in Sources */,
				C5E71AC01DEE228500180AAC /* IATBTPeripheral.swift in Sources */,
				C58923CC1DED1C01005E01E6 /* IATBTServiceGroup.swift in Sources */,
				C563B9081DECFC0F00AE51D6 /* IATBTDiscovery.swift in Sources */,
				C5E71AB21DED3DB000180AAC /* IATBTDeviceInformationService.swift in Sources */,
			);
			runOnlyForDeploymentPostprocessing = 0;
		};
		C563B8E91DECFBCD00AE51D6 /* Sources */ = {
			isa = PBXSourcesBuildPhase;
			buildActionMask = 2147483647;
			files = (
				C5FE4C971DFB459A008FCFBC /* IATBTSerivceObjCTest.m in Sources */,
			);
			runOnlyForDeploymentPostprocessing = 0;
		};
/* End PBXSourcesBuildPhase section */

/* Begin PBXTargetDependency section */
		C521CCFE1DFB8D1A00AA0969 /* PBXTargetDependency */ = {
			isa = PBXTargetDependency;
			target = C563B8E31DECFBCD00AE51D6 /* IATBluetooth */;
			targetProxy = C521CCFD1DFB8D1A00AA0969 /* PBXContainerItemProxy */;
		};
/* End PBXTargetDependency section */

/* Begin XCBuildConfiguration section */
		C563B8F61DECFBCD00AE51D6 /* Debug */ = {
			isa = XCBuildConfiguration;
			buildSettings = {
				ALWAYS_SEARCH_USER_PATHS = NO;
				CLANG_ANALYZER_NONNULL = YES;
				CLANG_CXX_LANGUAGE_STANDARD = "gnu++0x";
				CLANG_CXX_LIBRARY = "libc++";
				CLANG_ENABLE_MODULES = YES;
				CLANG_ENABLE_OBJC_ARC = YES;
				CLANG_WARN_BOOL_CONVERSION = YES;
				CLANG_WARN_CONSTANT_CONVERSION = YES;
				CLANG_WARN_DIRECT_OBJC_ISA_USAGE = YES_ERROR;
				CLANG_WARN_DOCUMENTATION_COMMENTS = YES;
				CLANG_WARN_EMPTY_BODY = YES;
				CLANG_WARN_ENUM_CONVERSION = YES;
				CLANG_WARN_INFINITE_RECURSION = YES;
				CLANG_WARN_INT_CONVERSION = YES;
				CLANG_WARN_OBJC_ROOT_CLASS = YES_ERROR;
				CLANG_WARN_SUSPICIOUS_MOVE = YES;
				CLANG_WARN_SUSPICIOUS_MOVES = YES;
				CLANG_WARN_UNREACHABLE_CODE = YES;
				CLANG_WARN__DUPLICATE_METHOD_MATCH = YES;
				"CODE_SIGN_IDENTITY[sdk=iphoneos*]" = "iPhone Developer";
				COPY_PHASE_STRIP = NO;
				CURRENT_PROJECT_VERSION = 1;
				DEBUG_INFORMATION_FORMAT = dwarf;
				ENABLE_STRICT_OBJC_MSGSEND = YES;
				ENABLE_TESTABILITY = YES;
				GCC_C_LANGUAGE_STANDARD = gnu99;
				GCC_DYNAMIC_NO_PIC = NO;
				GCC_NO_COMMON_BLOCKS = YES;
				GCC_OPTIMIZATION_LEVEL = 0;
				GCC_PREPROCESSOR_DEFINITIONS = (
					"DEBUG=1",
					"$(inherited)",
				);
				GCC_WARN_64_TO_32_BIT_CONVERSION = YES;
				GCC_WARN_ABOUT_RETURN_TYPE = YES_ERROR;
				GCC_WARN_UNDECLARED_SELECTOR = YES;
				GCC_WARN_UNINITIALIZED_AUTOS = YES_AGGRESSIVE;
				GCC_WARN_UNUSED_FUNCTION = YES;
				GCC_WARN_UNUSED_VARIABLE = YES;
				IPHONEOS_DEPLOYMENT_TARGET = 10.1;
				MTL_ENABLE_DEBUG_INFO = YES;
				ONLY_ACTIVE_ARCH = NO;
				SDKROOT = iphoneos;
				SWIFT_ACTIVE_COMPILATION_CONDITIONS = DEBUG;
				SWIFT_OPTIMIZATION_LEVEL = "-Onone";
				SWIFT_VERSION = 3.0;
				TARGETED_DEVICE_FAMILY = "1,2";
				VALID_ARCHS = "arm64 armv7 armv7s x86_64 i386";
				VERSIONING_SYSTEM = "apple-generic";
				VERSION_INFO_PREFIX = "";
			};
			name = Debug;
		};
		C563B8F71DECFBCD00AE51D6 /* Release */ = {
			isa = XCBuildConfiguration;
			buildSettings = {
				ALWAYS_SEARCH_USER_PATHS = NO;
				CLANG_ANALYZER_NONNULL = YES;
				CLANG_CXX_LANGUAGE_STANDARD = "gnu++0x";
				CLANG_CXX_LIBRARY = "libc++";
				CLANG_ENABLE_MODULES = YES;
				CLANG_ENABLE_OBJC_ARC = YES;
				CLANG_WARN_BOOL_CONVERSION = YES;
				CLANG_WARN_CONSTANT_CONVERSION = YES;
				CLANG_WARN_DIRECT_OBJC_ISA_USAGE = YES_ERROR;
				CLANG_WARN_DOCUMENTATION_COMMENTS = YES;
				CLANG_WARN_EMPTY_BODY = YES;
				CLANG_WARN_ENUM_CONVERSION = YES;
				CLANG_WARN_INFINITE_RECURSION = YES;
				CLANG_WARN_INT_CONVERSION = YES;
				CLANG_WARN_OBJC_ROOT_CLASS = YES_ERROR;
				CLANG_WARN_SUSPICIOUS_MOVE = YES;
				CLANG_WARN_SUSPICIOUS_MOVES = YES;
				CLANG_WARN_UNREACHABLE_CODE = YES;
				CLANG_WARN__DUPLICATE_METHOD_MATCH = YES;
				"CODE_SIGN_IDENTITY[sdk=iphoneos*]" = "iPhone Developer";
				COPY_PHASE_STRIP = NO;
				CURRENT_PROJECT_VERSION = 1;
				DEBUG_INFORMATION_FORMAT = "dwarf-with-dsym";
				ENABLE_NS_ASSERTIONS = NO;
				ENABLE_STRICT_OBJC_MSGSEND = YES;
				GCC_C_LANGUAGE_STANDARD = gnu99;
				GCC_NO_COMMON_BLOCKS = YES;
				GCC_WARN_64_TO_32_BIT_CONVERSION = YES;
				GCC_WARN_ABOUT_RETURN_TYPE = YES_ERROR;
				GCC_WARN_UNDECLARED_SELECTOR = YES;
				GCC_WARN_UNINITIALIZED_AUTOS = YES_AGGRESSIVE;
				GCC_WARN_UNUSED_FUNCTION = YES;
				GCC_WARN_UNUSED_VARIABLE = YES;
				IPHONEOS_DEPLOYMENT_TARGET = 10.1;
				MTL_ENABLE_DEBUG_INFO = NO;
				SDKROOT = iphoneos;
				SWIFT_OPTIMIZATION_LEVEL = "-Owholemodule";
				SWIFT_VERSION = 3.0;
				TARGETED_DEVICE_FAMILY = "1,2";
				VALIDATE_PRODUCT = YES;
				VALID_ARCHS = "arm64 armv7 armv7s x86_64 i386";
				VERSIONING_SYSTEM = "apple-generic";
				VERSION_INFO_PREFIX = "";
			};
			name = Release;
		};
		C563B8F91DECFBCD00AE51D6 /* Debug */ = {
			isa = XCBuildConfiguration;
			buildSettings = {
				CLANG_ENABLE_MODULES = YES;
				CODE_SIGN_IDENTITY = "";
				"CODE_SIGN_IDENTITY[sdk=iphoneos*]" = "";
				DEFINES_MODULE = YES;
				DEVELOPMENT_TEAM = H8E2LSZV55;
				DYLIB_COMPATIBILITY_VERSION = 1;
				DYLIB_CURRENT_VERSION = 1;
				DYLIB_INSTALL_NAME_BASE = "@rpath";
				INFOPLIST_FILE = IATBluetooth/Info.plist;
				INSTALL_PATH = "$(LOCAL_LIBRARY_DIR)/Frameworks";
				IPHONEOS_DEPLOYMENT_TARGET = 10.0;
				LD_RUNPATH_SEARCH_PATHS = "$(inherited) @executable_path/Frameworks @loader_path/Frameworks";
				PRODUCT_BUNDLE_IDENTIFIER = com.iat.IATBluetooth;
				PRODUCT_NAME = "$(TARGET_NAME)";
				SKIP_INSTALL = YES;
				SWIFT_OPTIMIZATION_LEVEL = "-Onone";
				SWIFT_VERSION = 3.0;
			};
			name = Debug;
		};
		C563B8FA1DECFBCD00AE51D6 /* Release */ = {
			isa = XCBuildConfiguration;
			buildSettings = {
				CLANG_ENABLE_MODULES = YES;
				CODE_SIGN_IDENTITY = "";
				"CODE_SIGN_IDENTITY[sdk=iphoneos*]" = "";
				DEFINES_MODULE = YES;
				DEVELOPMENT_TEAM = H8E2LSZV55;
				DYLIB_COMPATIBILITY_VERSION = 1;
				DYLIB_CURRENT_VERSION = 1;
				DYLIB_INSTALL_NAME_BASE = "@rpath";
				INFOPLIST_FILE = IATBluetooth/Info.plist;
				INSTALL_PATH = "$(LOCAL_LIBRARY_DIR)/Frameworks";
				IPHONEOS_DEPLOYMENT_TARGET = 10.0;
				LD_RUNPATH_SEARCH_PATHS = "$(inherited) @executable_path/Frameworks @loader_path/Frameworks";
				PRODUCT_BUNDLE_IDENTIFIER = com.iat.IATBluetooth;
				PRODUCT_NAME = "$(TARGET_NAME)";
				SKIP_INSTALL = YES;
				SWIFT_VERSION = 3.0;
			};
			name = Release;
		};
		C563B8FC1DECFBCD00AE51D6 /* Debug */ = {
			isa = XCBuildConfiguration;
			buildSettings = {
				ALWAYS_EMBED_SWIFT_STANDARD_LIBRARIES = YES;
				DEVELOPMENT_TEAM = H8E2LSZV55;
				INFOPLIST_FILE = IATBluetoothTests/Info.plist;
				LD_RUNPATH_SEARCH_PATHS = "$(inherited) @executable_path/Frameworks @loader_path/Frameworks";
				PRODUCT_BUNDLE_IDENTIFIER = com.iat.IATBluetoothTests;
				PRODUCT_NAME = "$(TARGET_NAME)";
			};
			name = Debug;
		};
		C563B8FD1DECFBCD00AE51D6 /* Release */ = {
			isa = XCBuildConfiguration;
			buildSettings = {
				ALWAYS_EMBED_SWIFT_STANDARD_LIBRARIES = YES;
				DEVELOPMENT_TEAM = H8E2LSZV55;
				INFOPLIST_FILE = IATBluetoothTests/Info.plist;
				LD_RUNPATH_SEARCH_PATHS = "$(inherited) @executable_path/Frameworks @loader_path/Frameworks";
				PRODUCT_BUNDLE_IDENTIFIER = com.iat.IATBluetoothTests;
				PRODUCT_NAME = "$(TARGET_NAME)";
			};
			name = Release;
		};
/* End XCBuildConfiguration section */

/* Begin XCConfigurationList section */
		C563B8DE1DECFBCD00AE51D6 /* Build configuration list for PBXProject "IATBluetooth" */ = {
			isa = XCConfigurationList;
			buildConfigurations = (
				C563B8F61DECFBCD00AE51D6 /* Debug */,
				C563B8F71DECFBCD00AE51D6 /* Release */,
			);
			defaultConfigurationIsVisible = 0;
			defaultConfigurationName = Release;
		};
		C563B8F81DECFBCD00AE51D6 /* Build configuration list for PBXNativeTarget "IATBluetooth" */ = {
			isa = XCConfigurationList;
			buildConfigurations = (
				C563B8F91DECFBCD00AE51D6 /* Debug */,
				C563B8FA1DECFBCD00AE51D6 /* Release */,
			);
			defaultConfigurationIsVisible = 0;
			defaultConfigurationName = Release;
		};
		C563B8FB1DECFBCD00AE51D6 /* Build configuration list for PBXNativeTarget "IATBluetoothTests" */ = {
			isa = XCConfigurationList;
			buildConfigurations = (
				C563B8FC1DECFBCD00AE51D6 /* Debug */,
				C563B8FD1DECFBCD00AE51D6 /* Release */,
			);
			defaultConfigurationIsVisible = 0;
			defaultConfigurationName = Release;
		};
/* End XCConfigurationList section */
	};
	rootObject = C563B8DB1DECFBCD00AE51D6 /* Project object */;
}
